// !$*UTF8*$!
{
	archiveVersion = 1;
	classes = {
	};
	objectVersion = 48;
	objects = {

/* Begin PBXBuildFile section */
		44FF69C91FB2FF2A002E1D8E /* AppDelegate.swift in Sources */ = {isa = PBXBuildFile; fileRef = 44FF69C81FB2FF2A002E1D8E /* AppDelegate.swift */; };
		44FF69CB1FB2FF2A002E1D8E /* ViewController.swift in Sources */ = {isa = PBXBuildFile; fileRef = 44FF69CA1FB2FF2A002E1D8E /* ViewController.swift */; };
		44FF69CE1FB2FF2A002E1D8E /* Main.storyboard in Resources */ = {isa = PBXBuildFile; fileRef = 44FF69CC1FB2FF2A002E1D8E /* Main.storyboard */; };
		44FF69D01FB2FF2A002E1D8E /* Assets.xcassets in Resources */ = {isa = PBXBuildFile; fileRef = 44FF69CF1FB2FF2A002E1D8E /* Assets.xcassets */; };
		44FF69D31FB2FF2A002E1D8E /* LaunchScreen.storyboard in Resources */ = {isa = PBXBuildFile; fileRef = 44FF69D11FB2FF2A002E1D8E /* LaunchScreen.storyboard */; };
/* End PBXBuildFile section */

/* Begin PBXFileReference section */
		44FF69C51FB2FF2A002E1D8E /* DecimalBinary.app */ = {isa = PBXFileReference; explicitFileType = wrapper.application; includeInIndex = 0; path = DecimalBinary.app; sourceTree = BUILT_PRODUCTS_DIR; };
		44FF69C81FB2FF2A002E1D8E /* AppDelegate.swift */ = {isa = PBXFileReference; lastKnownFileType = sourcecode.swift; path = AppDelegate.swift; sourceTree = "<group>"; };
		44FF69CA1FB2FF2A002E1D8E /* ViewController.swift */ = {isa = PBXFileReference; lastKnownFileType = sourcecode.swift; path = ViewController.swift; sourceTree = "<group>"; };
		44FF69CD1FB2FF2A002E1D8E /* Base */ = {isa = PBXFileReference; lastKnownFileType = file.storyboard; name = Base; path = Base.lproj/Main.storyboard; sourceTree = "<group>"; };
		44FF69CF1FB2FF2A002E1D8E /* Assets.xcassets */ = {isa = PBXFileReference; lastKnownFileType = folder.assetcatalog; path = Assets.xcassets; sourceTree = "<group>"; };
		44FF69D21FB2FF2A002E1D8E /* Base */ = {isa = PBXFileReference; lastKnownFileType = file.storyboard; name = Base; path = Base.lproj/LaunchScreen.storyboard; sourceTree = "<group>"; };
		44FF69D41FB2FF2A002E1D8E /* Info.plist */ = {isa = PBXFileReference; lastKnownFileType = text.plist.xml; path = Info.plist; sourceTree = "<group>"; };
/* End PBXFileReference section */

/* Begin PBXFrameworksBuildPhase section */
		44FF69C21FB2FF2A002E1D8E /* Frameworks */ = {
			isa = PBXFrameworksBuildPhase;
			buildActionMask = 2147483647;
			files = (
			);
			runOnlyForDeploymentPostprocessing = 0;
		};
/* End PBXFrameworksBuildPhase section */

/* Begin PBXGroup section */
		44FF69BC1FB2FF2A002E1D8E = {
			isa = PBXGroup;
			children = (
				44FF69C71FB2FF2A002E1D8E /* DecimalBinary */,
				44FF69C61FB2FF2A002E1D8E /* Products */,
			);
			sourceTree = "<group>";
		};
		44FF69C61FB2FF2A002E1D8E /* Products */ = {
			isa = PBXGroup;
			children = (
				44FF69C51FB2FF2A002E1D8E /* DecimalBinary.app */,
			);
			name = Products;
			sourceTree = "<group>";
		};
		44FF69C71FB2FF2A002E1D8E /* DecimalBinary */ = {
			isa = PBXGroup;
			children = (
				44FF69C81FB2FF2A002E1D8E /* AppDelegate.swift */,
				44FF69CA1FB2FF2A002E1D8E /* ViewController.swift */,
				44FF69CC1FB2FF2A002E1D8E /* Main.storyboard */,
				44FF69CF1FB2FF2A002E1D8E /* Assets.xcassets */,
				44FF69D11FB2FF2A002E1D8E /* LaunchScreen.storyboard */,
				44FF69D41FB2FF2A002E1D8E /* Info.plist */,
			);
			path = DecimalBinary;
			sourceTree = "<group>";
		};
/* End PBXGroup section */

/* Begin PBXNativeTarget section */
		44FF69C41FB2FF2A002E1D8E /* DecimalBinary */ = {
			isa = PBXNativeTarget;
			buildConfigurationList = 44FF69D71FB2FF2A002E1D8E /* Build configuration list for PBXNativeTarget "DecimalBinary" */;
			buildPhases = (
				44FF69C11FB2FF2A002E1D8E /* Sources */,
				44FF69C21FB2FF2A002E1D8E /* Frameworks */,
				44FF69C31FB2FF2A002E1D8E /* Resources */,
			);
			buildRules = (
			);
			dependencies = (
			);
			name = DecimalBinary;
			productName = DecimalBinary;
			productReference = 44FF69C51FB2FF2A002E1D8E /* DecimalBinary.app */;
			productType = "com.apple.product-type.application";
		};
/* End PBXNativeTarget section */

/* Begin PBXProject section */
		44FF69BD1FB2FF2A002E1D8E /* Project object */ = {
			isa = PBXProject;
			attributes = {
				LastSwiftUpdateCheck = 0900;
				LastUpgradeCheck = 0900;
				ORGANIZATIONNAME = "Nicola Solazzo";
				TargetAttributes = {
					44FF69C41FB2FF2A002E1D8E = {
						CreatedOnToolsVersion = 9.0;
						ProvisioningStyle = Automatic;
					};
				};
			};
			buildConfigurationList = 44FF69C01FB2FF2A002E1D8E /* Build configuration list for PBXProject "DecimalBinary" */;
			compatibilityVersion = "Xcode 8.0";
			developmentRegion = en;
			hasScannedForEncodings = 0;
			knownRegions = (
				en,
				Base,
			);
			mainGroup = 44FF69BC1FB2FF2A002E1D8E;
			productRefGroup = 44FF69C61FB2FF2A002E1D8E /* Products */;
			projectDirPath = "";
			projectRoot = "";
			targets = (
				44FF69C41FB2FF2A002E1D8E /* DecimalBinary */,
			);
		};
/* End PBXProject section */

/* Begin PBXResourcesBuildPhase section */
		44FF69C31FB2FF2A002E1D8E /* Resources */ = {
			isa = PBXResourcesBuildPhase;
			buildActionMask = 2147483647;
			files = (
				44FF69D31FB2FF2A002E1D8E /* LaunchScreen.storyboard in Resources */,
				44FF69D01FB2FF2A002E1D8E /* Assets.xcassets in Resources */,
				44FF69CE1FB2FF2A002E1D8E /* Main.storyboard in Resources */,
			);
			runOnlyForDeploymentPostprocessing = 0;
		};
/* End PBXResourcesBuildPhase section */

/* Begin PBXSourcesBuildPhase section */
		44FF69C11FB2FF2A002E1D8E /* Sources */ = {
			isa = PBXSourcesBuildPhase;
			buildActionMask = 2147483647;
			files = (
				44FF69CB1FB2FF2A002E1D8E /* ViewController.swift in Sources */,
				44FF69C91FB2FF2A002E1D8E /* AppDelegate.swift in Sources */,
			);
			runOnlyForDeploymentPostprocessing = 0;
		};
/* End PBXSourcesBuildPhase section */

/* Begin PBXVariantGroup section */
		44FF69CC1FB2FF2A002E1D8E /* Main.storyboard */ = {
			isa = PBXVariantGroup;
			children = (
				44FF69CD1FB2FF2A002E1D8E /* Base */,
			);
			name = Main.storyboard;
			sourceTree = "<group>";
		};
		44FF69D11FB2FF2A002E1D8E /* LaunchScreen.storyboard */ = {
			isa = PBXVariantGroup;
			children = (
				44FF69D21FB2FF2A002E1D8E /* Base */,
			);
			name = LaunchScreen.storyboard;
			sourceTree = "<group>";
		};
/* End PBXVariantGroup section */

/* Begin XCBuildConfiguration section */
		44FF69D51FB2FF2A002E1D8E /* Debug */ = {
			isa = XCBuildConfiguration;
			buildSettings = {
				ALWAYS_SEARCH_USER_PATHS = NO;
				CLANG_ANALYZER_NONNULL = YES;
				CLANG_ANALYZER_NUMBER_OBJECT_CONVERSION = YES_AGGRESSIVE;
				CLANG_CXX_LANGUAGE_STANDARD = "gnu++14";
				CLANG_CXX_LIBRARY = "libc++";
				CLANG_ENABLE_MODULES = YES;
				CLANG_ENABLE_OBJC_ARC = YES;
				CLANG_WARN_BLOCK_CAPTURE_AUTORELEASING = YES;
				CLANG_WARN_BOOL_CONVERSION = YES;
				CLANG_WARN_COMMA = YES;
				CLANG_WARN_CONSTANT_CONVERSION = YES;
				CLANG_WARN_DIRECT_OBJC_ISA_USAGE = YES_ERROR;
				CLANG_WARN_DOCUMENTATION_COMMENTS = YES;
				CLANG_WARN_EMPTY_BODY = YES;
				CLANG_WARN_ENUM_CONVERSION = YES;
				CLANG_WARN_INFINITE_RECURSION = YES;
				CLANG_WARN_INT_CONVERSION = YES;
				CLANG_WARN_NON_LITERAL_NULL_CONVERSION = YES;
				CLANG_WARN_OBJC_LITERAL_CONVERSION = YES;
				CLANG_WARN_OBJC_ROOT_CLASS = YES_ERROR;
				CLANG_WARN_RANGE_LOOP_ANALYSIS = YES;
				CLANG_WARN_STRICT_PROTOTYPES = YES;
				CLANG_WARN_SUSPICIOUS_MOVE = YES;
				CLANG_WARN_UNGUARDED_AVAILABILITY = YES_AGGRESSIVE;
				CLANG_WARN_UNREACHABLE_CODE = YES;
				CLANG_WARN__DUPLICATE_METHOD_MATCH = YES;
				CODE_SIGN_IDENTITY = "iPhone Developer";
				COPY_PHASE_STRIP = NO;
				DEBUG_INFORMATION_FORMAT = dwarf;
				ENABLE_STRICT_OBJC_MSGSEND = YES;
				ENABLE_TESTABILITY = YES;
				GCC_C_LANGUAGE_STANDARD = gnu11;
				GCC_DYNAMIC_NO_PIC = NO;
				GCC_NO_COMMON_BLOCKS = YES;
				GCC_OPTIMIZATION_LEVEL = 0;
				GCC_PREPROCESSOR_DEFINITIONS = (
					"DEBUG=1",
					"$(inherited)",
				);
				GCC_WARN_64_TO_32_BIT_CONVERSION = YES;
				GCC_WARN_ABOUT_RETURN_TYPE = YES_ERROR;
				GCC_WARN_UNDECLARED_SELECTOR = YES;
				GCC_WARN_UNINITIALIZED_AUTOS = YES_AGGRESSIVE;
				GCC_WARN_UNUSED_FUNCTION = YES;
				GCC_WARN_UNUSED_VARIABLE = YES;
				IPHONEOS_DEPLOYMENT_TARGET = 11.0;
				MTL_ENABLE_DEBUG_INFO = YES;
				ONLY_ACTIVE_ARCH = YES;
				SDKROOT = iphoneos;
				SWIFT_ACTIVE_COMPILATION_CONDITIONS = DEBUG;
				SWIFT_OPTIMIZATION_LEVEL = "-Onone";
			};
			name = Debug;
		};
		44FF69D61FB2FF2A002E1D8E /* Release */ = {
			isa = XCBuildConfiguration;
			buildSettings = {
				ALWAYS_SEARCH_USER_PATHS = NO;
				CLANG_ANALYZER_NONNULL = YES;
				CLANG_ANALYZER_NUMBER_OBJECT_CONVERSION = YES_AGGRESSIVE;
				CLANG_CXX_LANGUAGE_STANDARD = "gnu++14";
				CLANG_CXX_LIBRARY = "libc++";
				CLANG_ENABLE_MODULES = YES;
				CLANG_ENABLE_OBJC_ARC = YES;
				CLANG_WARN_BLOCK_CAPTURE_AUTORELEASING = YES;
				CLANG_WARN_BOOL_CONVERSION = YES;
				CLANG_WARN_COMMA = YES;
				CLANG_WARN_CONSTANT_CONVERSION = YES;
				CLANG_WARN_DIRECT_OBJC_ISA_USAGE = YES_ERROR;
				CLANG_WARN_DOCUMENTATION_COMMENTS = YES;
				CLANG_WARN_EMPTY_BODY = YES;
				CLANG_WARN_ENUM_CONVERSION = YES;
				CLANG_WARN_INFINITE_RECURSION = YES;
				CLANG_WARN_INT_CONVERSION = YES;
				CLANG_WARN_NON_LITERAL_NULL_CONVERSION = YES;
				CLANG_WARN_OBJC_LITERAL_CONVERSION = YES;
				CLANG_WARN_OBJC_ROOT_CLASS = YES_ERROR;
				CLANG_WARN_RANGE_LOOP_ANALYSIS = YES;
				CLANG_WARN_STRICT_PROTOTYPES = YES;
				CLANG_WARN_SUSPICIOUS_MOVE = YES;
				CLANG_WARN_UNGUARDED_AVAILABILITY = YES_AGGRESSIVE;
				CLANG_WARN_UNREACHABLE_CODE = YES;
				CLANG_WARN__DUPLICATE_METHOD_MATCH = YES;
				CODE_SIGN_IDENTITY = "iPhone Developer";
				COPY_PHASE_STRIP = NO;
				DEBUG_INFORMATION_FORMAT = "dwarf-with-dsym";
				ENABLE_NS_ASSERTIONS = NO;
				ENABLE_STRICT_OBJC_MSGSEND = YES;
				GCC_C_LANGUAGE_STANDARD = gnu11;
				GCC_NO_COMMON_BLOCKS = YES;
				GCC_WARN_64_TO_32_BIT_CONVERSION = YES;
				GCC_WARN_ABOUT_RETURN_TYPE = YES_ERROR;
				GCC_WARN_UNDECLARED_SELECTOR = YES;
				GCC_WARN_UNINITIALIZED_AUTOS = YES_AGGRESSIVE;
				GCC_WARN_UNUSED_FUNCTION = YES;
				GCC_WARN_UNUSED_VARIABLE = YES;
				IPHONEOS_DEPLOYMENT_TARGET = 11.0;
				MTL_ENABLE_DEBUG_INFO = NO;
				SDKROOT = iphoneos;
				SWIFT_OPTIMIZATION_LEVEL = "-Owholemodule";
				VALIDATE_PRODUCT = YES;
			};
			name = Release;
		};
		44FF69D81FB2FF2A002E1D8E /* Debug */ = {
			isa = XCBuildConfiguration;
			buildSettings = {
				ASSETCATALOG_COMPILER_APPICON_NAME = AppIcon;
				CODE_SIGN_STYLE = Automatic;
				DEVELOPMENT_TEAM = N85W7M4LEB;
				INFOPLIST_FILE = DecimalBinary/Info.plist;
				LD_RUNPATH_SEARCH_PATHS = "$(inherited) @executable_path/Frameworks";
				PRODUCT_BUNDLE_IDENTIFIER = com.nicolasolazzo.DecimalBinary;
				PRODUCT_NAME = "$(TARGET_NAME)";
				SWIFT_VERSION = 4.0;
				TARGETED_DEVICE_FAMILY = "1,2";
			};
			name = Debug;
		};
		44FF69D91FB2FF2A002E1D8E /* Release */ = {
			isa = XCBuildConfiguration;
			buildSettings = {
				ASSETCATALOG_COMPILER_APPICON_NAME = AppIcon;
				CODE_SIGN_STYLE = Automatic;
				DEVELOPMENT_TEAM = N85W7M4LEB;
				INFOPLIST_FILE = DecimalBinary/Info.plist;
				LD_RUNPATH_SEARCH_PATHS = "$(inherited) @executable_path/Frameworks";
				PRODUCT_BUNDLE_IDENTIFIER = com.nicolasolazzo.DecimalBinary;
				PRODUCT_NAME = "$(TARGET_NAME)";
				SWIFT_VERSION = 4.0;
				TARGETED_DEVICE_FAMILY = "1,2";
			};
			name = Release;
		};
/* End XCBuildConfiguration section */

/* Begin XCConfigurationList section */
		44FF69C01FB2FF2A002E1D8E /* Build configuration list for PBXProject "DecimalBinary" */ = {
			isa = XCConfigurationList;
			buildConfigurations = (
				44FF69D51FB2FF2A002E1D8E /* Debug */,
				44FF69D61FB2FF2A002E1D8E /* Release */,
			);
			defaultConfigurationIsVisible = 0;
			defaultConfigurationName = Release;
		};
		44FF69D71FB2FF2A002E1D8E /* Build configuration list for PBXNativeTarget "DecimalBinary" */ = {
			isa = XCConfigurationList;
			buildConfigurations = (
				44FF69D81FB2FF2A002E1D8E /* Debug */,
				44FF69D91FB2FF2A002E1D8E /* Release */,
			);
			defaultConfigurationIsVisible = 0;
			defaultConfigurationName = Release;
		};
/* End XCConfigurationList section */
	};
	rootObject = 44FF69BD1FB2FF2A002E1D8E /* Project object */;
}
